
Microsoft Visual Studio Solution File, Format Version 12.00
# Visual Studio Version 16
VisualStudioVersion = 16.0.30523.141
MinimumVisualStudioVersion = 10.0.40219.1
Project("{FAE04EC0-301F-11D3-BF4B-00C04F79EFBC}") = "ORM-EF-core", "ORM-EF-core\ORM-EF-core.csproj", "{B7CBB804-592F-439E-BCC5-F955B1C0DD41}"
EndProject
Global
	GlobalSection(SolutionConfigurationPlatforms) = preSolution
		Debug|Any CPU = Debug|Any CPU
		Release|Any CPU = Release|Any CPU
	EndGlobalSection
	GlobalSection(ProjectConfigurationPlatforms) = postSolution
		{B7CBB804-592F-439E-BCC5-F955B1C0DD41}.Debug|Any CPU.ActiveCfg = Debug|Any CPU
		{B7CBB804-592F-439E-BCC5-F955B1C0DD41}.Debug|Any CPU.Build.0 = Debug|Any CPU
		{B7CBB804-592F-439E-BCC5-F955B1C0DD41}.Release|Any CPU.ActiveCfg = Release|Any CPU
		{B7CBB804-592F-439E-BCC5-F955B1C0DD41}.Release|Any CPU.Build.0 = Release|Any CPU
	EndGlobalSection
	GlobalSection(SolutionProperties) = preSolution
		HideSolutionNode = FALSE
	EndGlobalSection
	GlobalSection(ExtensibilityGlobals) = postSolution
		SolutionGuid = {BFA1DD98-764B-45EF-AE9D-E4911A689EB7}
	EndGlobalSection
EndGlobal
